
Microsoft Visual Studio Solution File, Format Version 12.00
# Visual Studio Version 16
VisualStudioVersion = 16.0.30114.105
MinimumVisualStudioVersion = 10.0.40219.1
Project("{FAE04EC0-301F-11D3-BF4B-00C04F79EFBC}") = "API", "API\API.csproj", "{B7C43683-7D42-40AF-8C76-06D620D69225}"
EndProject
Project("{FAE04EC0-301F-11D3-BF4B-00C04F79EFBC}") = "Application", "Application\Application.csproj", "{4C34C0F2-F00B-4C39-888E-4D7B045028A0}"
EndProject
Project("{FAE04EC0-301F-11D3-BF4B-00C04F79EFBC}") = "Domain", "Domain\Domain.csproj", "{D535917B-C2BC-41FA-932C-0568648BEE6E}"
EndProject
Project("{FAE04EC0-301F-11D3-BF4B-00C04F79EFBC}") = "Persistence", "Persistence\Persistence.csproj", "{70B3A27C-A236-4DB5-B2AC-024E1858841C}"
EndProject
Global
	GlobalSection(SolutionConfigurationPlatforms) = preSolution
		Debug|Any CPU = Debug|Any CPU
		Debug|x64 = Debug|x64
		Debug|x86 = Debug|x86
		Release|Any CPU = Release|Any CPU
		Release|x64 = Release|x64
		Release|x86 = Release|x86
	EndGlobalSection
	GlobalSection(SolutionProperties) = preSolution
		HideSolutionNode = FALSE
	EndGlobalSection
	GlobalSection(ProjectConfigurationPlatforms) = postSolution
		{B7C43683-7D42-40AF-8C76-06D620D69225}.Debug|Any CPU.ActiveCfg = Debug|Any CPU
		{B7C43683-7D42-40AF-8C76-06D620D69225}.Debug|Any CPU.Build.0 = Debug|Any CPU
		{B7C43683-7D42-40AF-8C76-06D620D69225}.Debug|x64.ActiveCfg = Debug|Any CPU
		{B7C43683-7D42-40AF-8C76-06D620D69225}.Debug|x64.Build.0 = Debug|Any CPU
		{B7C43683-7D42-40AF-8C76-06D620D69225}.Debug|x86.ActiveCfg = Debug|Any CPU
		{B7C43683-7D42-40AF-8C76-06D620D69225}.Debug|x86.Build.0 = Debug|Any CPU
		{B7C43683-7D42-40AF-8C76-06D620D69225}.Release|Any CPU.ActiveCfg = Release|Any CPU
		{B7C43683-7D42-40AF-8C76-06D620D69225}.Release|Any CPU.Build.0 = Release|Any CPU
		{B7C43683-7D42-40AF-8C76-06D620D69225}.Release|x64.ActiveCfg = Release|Any CPU
		{B7C43683-7D42-40AF-8C76-06D620D69225}.Release|x64.Build.0 = Release|Any CPU
		{B7C43683-7D42-40AF-8C76-06D620D69225}.Release|x86.ActiveCfg = Release|Any CPU
		{B7C43683-7D42-40AF-8C76-06D620D69225}.Release|x86.Build.0 = Release|Any CPU
		{4C34C0F2-F00B-4C39-888E-4D7B045028A0}.Debug|Any CPU.ActiveCfg = Debug|Any CPU
		{4C34C0F2-F00B-4C39-888E-4D7B045028A0}.Debug|Any CPU.Build.0 = Debug|Any CPU
		{4C34C0F2-F00B-4C39-888E-4D7B045028A0}.Debug|x64.ActiveCfg = Debug|Any CPU
		{4C34C0F2-F00B-4C39-888E-4D7B045028A0}.Debug|x64.Build.0 = Debug|Any CPU
		{4C34C0F2-F00B-4C39-888E-4D7B045028A0}.Debug|x86.ActiveCfg = Debug|Any CPU
		{4C34C0F2-F00B-4C39-888E-4D7B045028A0}.Debug|x86.Build.0 = Debug|Any CPU
		{4C34C0F2-F00B-4C39-888E-4D7B045028A0}.Release|Any CPU.ActiveCfg = Release|Any CPU
		{4C34C0F2-F00B-4C39-888E-4D7B045028A0}.Release|Any CPU.Build.0 = Release|Any CPU
		{4C34C0F2-F00B-4C39-888E-4D7B045028A0}.Release|x64.ActiveCfg = Release|Any CPU
		{4C34C0F2-F00B-4C39-888E-4D7B045028A0}.Release|x64.Build.0 = Release|Any CPU
		{4C34C0F2-F00B-4C39-888E-4D7B045028A0}.Release|x86.ActiveCfg = Release|Any CPU
		{4C34C0F2-F00B-4C39-888E-4D7B045028A0}.Release|x86.Build.0 = Release|Any CPU
		{D535917B-C2BC-41FA-932C-0568648BEE6E}.Debug|Any CPU.ActiveCfg = Debug|Any CPU
		{D535917B-C2BC-41FA-932C-0568648BEE6E}.Debug|Any CPU.Build.0 = Debug|Any CPU
		{D535917B-C2BC-41FA-932C-0568648BEE6E}.Debug|x64.ActiveCfg = Debug|Any CPU
		{D535917B-C2BC-41FA-932C-0568648BEE6E}.Debug|x64.Build.0 = Debug|Any CPU
		{D535917B-C2BC-41FA-932C-0568648BEE6E}.Debug|x86.ActiveCfg = Debug|Any CPU
		{D535917B-C2BC-41FA-932C-0568648BEE6E}.Debug|x86.Build.0 = Debug|Any CPU
		{D535917B-C2BC-41FA-932C-0568648BEE6E}.Release|Any CPU.ActiveCfg = Release|Any CPU
		{D535917B-C2BC-41FA-932C-0568648BEE6E}.Release|Any CPU.Build.0 = Release|Any CPU
		{D535917B-C2BC-41FA-932C-0568648BEE6E}.Release|x64.ActiveCfg = Release|Any CPU
		{D535917B-C2BC-41FA-932C-0568648BEE6E}.Release|x64.Build.0 = Release|Any CPU
		{D535917B-C2BC-41FA-932C-0568648BEE6E}.Release|x86.ActiveCfg = Release|Any CPU
		{D535917B-C2BC-41FA-932C-0568648BEE6E}.Release|x86.Build.0 = Release|Any CPU
		{70B3A27C-A236-4DB5-B2AC-024E1858841C}.Debug|Any CPU.ActiveCfg = Debug|Any CPU
		{70B3A27C-A236-4DB5-B2AC-024E1858841C}.Debug|Any CPU.Build.0 = Debug|Any CPU
		{70B3A27C-A236-4DB5-B2AC-024E1858841C}.Debug|x64.ActiveCfg = Debug|Any CPU
		{70B3A27C-A236-4DB5-B2AC-024E1858841C}.Debug|x64.Build.0 = Debug|Any CPU
		{70B3A27C-A236-4DB5-B2AC-024E1858841C}.Debug|x86.ActiveCfg = Debug|Any CPU
		{70B3A27C-A236-4DB5-B2AC-024E1858841C}.Debug|x86.Build.0 = Debug|Any CPU
		{70B3A27C-A236-4DB5-B2AC-024E1858841C}.Release|Any CPU.ActiveCfg = Release|Any CPU
		{70B3A27C-A236-4DB5-B2AC-024E1858841C}.Release|Any CPU.Build.0 = Release|Any CPU
		{70B3A27C-A236-4DB5-B2AC-024E1858841C}.Release|x64.ActiveCfg = Release|Any CPU
		{70B3A27C-A236-4DB5-B2AC-024E1858841C}.Release|x64.Build.0 = Release|Any CPU
		{70B3A27C-A236-4DB5-B2AC-024E1858841C}.Release|x86.ActiveCfg = Release|Any CPU
		{70B3A27C-A236-4DB5-B2AC-024E1858841C}.Release|x86.Build.0 = Release|Any CPU
	EndGlobalSection
EndGlobal
